
Microsoft Visual Studio Solution File, Format Version 12.00
# Visual Studio Version 16
VisualStudioVersion = 16.0.29806.167
MinimumVisualStudioVersion = 10.0.40219.1
Project("{8BC9CEB8-8B4A-11D0-8D11-00A0C91BC942}") = "memeGame", "memeGame\memeGame.vcxproj", "{CAF9F840-51BC-49DC-8995-781D3EFCFDF9}"
EndProject
Project("{8BC9CEB8-8B4A-11D0-8D11-00A0C91BC942}") = "StageEditor", "StageEditor\StageEditor.vcxproj", "{FEB1D2B4-2F28-4F52-ACF4-F6D40A3EA42C}"
	ProjectSection(ProjectDependencies) = postProject
		{CAF9F840-51BC-49DC-8995-781D3EFCFDF9} = {CAF9F840-51BC-49DC-8995-781D3EFCFDF9}
	EndProjectSection
EndProject
Project("{8BC9CEB8-8B4A-11D0-8D11-00A0C91BC942}") = "kikiGameLib", "kikiGameLib\kikiGameLib.vcxitems", "{9138CF97-77CF-4E8C-B253-4496CFB3272B}"
EndProject
Global
	GlobalSection(SharedMSBuildProjectFiles) = preSolution
		kikiGameLib\kikiGameLib.vcxitems*{9138cf97-77cf-4e8c-b253-4496cfb3272b}*SharedItemsImports = 9
		kikiGameLib\kikiGameLib.vcxitems*{caf9f840-51bc-49dc-8995-781d3efcfdf9}*SharedItemsImports = 4
		kikiGameLib\kikiGameLib.vcxitems*{feb1d2b4-2f28-4f52-acf4-f6d40a3ea42c}*SharedItemsImports = 4
	EndGlobalSection
	GlobalSection(SolutionConfigurationPlatforms) = preSolution
		Debug|x64 = Debug|x64
		Debug|x86 = Debug|x86
		Release|x64 = Release|x64
		Release|x86 = Release|x86
	EndGlobalSection
	GlobalSection(ProjectConfigurationPlatforms) = postSolution
		{CAF9F840-51BC-49DC-8995-781D3EFCFDF9}.Debug|x64.ActiveCfg = Debug|x64
		{CAF9F840-51BC-49DC-8995-781D3EFCFDF9}.Debug|x64.Build.0 = Debug|x64
		{CAF9F840-51BC-49DC-8995-781D3EFCFDF9}.Debug|x86.ActiveCfg = Debug|Win32
		{CAF9F840-51BC-49DC-8995-781D3EFCFDF9}.Debug|x86.Build.0 = Debug|Win32
		{CAF9F840-51BC-49DC-8995-781D3EFCFDF9}.Release|x64.ActiveCfg = Release|x64
		{CAF9F840-51BC-49DC-8995-781D3EFCFDF9}.Release|x64.Build.0 = Release|x64
		{CAF9F840-51BC-49DC-8995-781D3EFCFDF9}.Release|x86.ActiveCfg = Release|Win32
		{CAF9F840-51BC-49DC-8995-781D3EFCFDF9}.Release|x86.Build.0 = Release|Win32
		{FEB1D2B4-2F28-4F52-ACF4-F6D40A3EA42C}.Debug|x64.ActiveCfg = Debug|x64
		{FEB1D2B4-2F28-4F52-ACF4-F6D40A3EA42C}.Debug|x64.Build.0 = Debug|x64
		{FEB1D2B4-2F28-4F52-ACF4-F6D40A3EA42C}.Debug|x86.ActiveCfg = Debug|Win32
		{FEB1D2B4-2F28-4F52-ACF4-F6D40A3EA42C}.Debug|x86.Build.0 = Debug|Win32
		{FEB1D2B4-2F28-4F52-ACF4-F6D40A3EA42C}.Release|x64.ActiveCfg = Release|x64
		{FEB1D2B4-2F28-4F52-ACF4-F6D40A3EA42C}.Release|x64.Build.0 = Release|x64
		{FEB1D2B4-2F28-4F52-ACF4-F6D40A3EA42C}.Release|x86.ActiveCfg = Release|Win32
		{FEB1D2B4-2F28-4F52-ACF4-F6D40A3EA42C}.Release|x86.Build.0 = Release|Win32
	EndGlobalSection
	GlobalSection(SolutionProperties) = preSolution
		HideSolutionNode = FALSE
	EndGlobalSection
	GlobalSection(ExtensibilityGlobals) = postSolution
		SolutionGuid = {D6BDA874-B911-4D4A-8E3A-7390EE490143}
	EndGlobalSection
EndGlobal
