<?xml version="1.0" encoding="utf-8"?>
<Project ToolsVersion="4.0" xmlns="http://schemas.microsoft.com/developer/msbuild/2003">
  <ItemGroup>
    <ClCompile Include="Main.cpp" />
    <ClCompile Include="SaveData\SaveData.cpp">
      <Filter>SaveData</Filter>
    </ClCompile>
    <ClCompile Include="Title\TitleScene.cpp" />
    <ClCompile Include="StageSelect\StageSelectScene.cpp" />
    <ClCompile Include="StageSelect\Actor\StartIsland.cpp" />
    <ClCompile Include="StageSelect\Actor\SceneMoveBox.cpp" />
    <ClCompile Include="StageSelect\Actor\StageIsland.cpp" />
    <ClCompile Include="GameStage\GameStageScene.cpp" />
    <ClCompile Include="StageSelect\Actor\HowToActor.cpp" />
  </ItemGroup>
  <ItemGroup>
    <Filter Include="Title">
      <UniqueIdentifier>{36e197d7-6979-42c7-b8fc-748fa8b40977}</UniqueIdentifier>
    </Filter>
    <Filter Include="SaveData">
      <UniqueIdentifier>{40bcd035-3e52-4e79-8607-0aeb5c0475f5}</UniqueIdentifier>
    </Filter>
  </ItemGroup>
  <ItemGroup>
    <ClInclude Include="SaveData\SaveData.hpp">
      <Filter>SaveData</Filter>
    </ClInclude>
    <ClInclude Include="Title\TitleScene.hpp" />
    <ClInclude Include="StageSelect\StageSelectScene.hpp" />
    <ClInclude Include="StageSelect\Actor\StartIsland.hpp" />
    <ClInclude Include="StageSelect\Actor\SceneMoveBox.hpp" />
    <ClInclude Include="StageSelect\Actor\StageIsland.hpp" />
    <ClInclude Include="GameStage\GameStageScene.hpp" />
    <ClInclude Include="StageSelect\Actor\HowToActor.hpp" />
  </ItemGroup>
</Project>